
Microsoft Visual Studio Solution File, Format Version 12.00
# Visual Studio Version 17
VisualStudioVersion = 17.11.35312.102
MinimumVisualStudioVersion = 10.0.40219.1
Project("{FAE04EC0-301F-11D3-BF4B-00C04F79EFBC}") = "MarInTime", "MarInTime\MarInTime.csproj", "{4744C941-E28F-4904-9907-62C0F4EAC891}"
EndProject
Global
	GlobalSection(SolutionConfigurationPlatforms) = preSolution
		Debug|Any CPU = Debug|Any CPU
		Release|Any CPU = Release|Any CPU
	EndGlobalSection
	GlobalSection(ProjectConfigurationPlatforms) = postSolution
		{4744C941-E28F-4904-9907-62C0F4EAC891}.Debug|Any CPU.ActiveCfg = Debug|Any CPU
		{4744C941-E28F-4904-9907-62C0F4EAC891}.Debug|Any CPU.Build.0 = Debug|Any CPU
		{4744C941-E28F-4904-9907-62C0F4EAC891}.Release|Any CPU.ActiveCfg = Release|Any CPU
		{4744C941-E28F-4904-9907-62C0F4EAC891}.Release|Any CPU.Build.0 = Release|Any CPU
	EndGlobalSection
	GlobalSection(SolutionProperties) = preSolution
		HideSolutionNode = FALSE
	EndGlobalSection
	GlobalSection(ExtensibilityGlobals) = postSolution
		SolutionGuid = {4BC30058-2FAB-4F88-BC63-B4143C660A08}
	EndGlobalSection
EndGlobal
